// !$*UTF8*$!
{
	archiveVersion = 1;
	classes = {
	};
	objectVersion = 56;
	objects = {

/* Begin PBXBuildFile section */
		3422E3062A714B4A00D91D88 /* MainCollectionView.swift in Sources */ = {isa = PBXBuildFile; fileRef = 3422E3052A714B4A00D91D88 /* MainCollectionView.swift */; };
		3422E3092A714C9C00D91D88 /* MainCollectionCell.swift in Sources */ = {isa = PBXBuildFile; fileRef = 3422E3082A714C9C00D91D88 /* MainCollectionCell.swift */; };
		3422E30B2A715E5000D91D88 /* MainViewControllerManager.swift in Sources */ = {isa = PBXBuildFile; fileRef = 3422E30A2A715E5000D91D88 /* MainViewControllerManager.swift */; };
		3442D81F2A7313FB00773D02 /* ComponentsService.swift in Sources */ = {isa = PBXBuildFile; fileRef = 3442D81E2A7313FB00773D02 /* ComponentsService.swift */; };
		3442D8212A73142600773D02 /* MainCellModel.swift in Sources */ = {isa = PBXBuildFile; fileRef = 3442D8202A73142600773D02 /* MainCellModel.swift */; };
		348DEC942A7188F900517A72 /* DesignSystem in Frameworks */ = {isa = PBXBuildFile; productRef = 348DEC932A7188F900517A72 /* DesignSystem */; };
		348DEC962A72F21C00517A72 /* MainViewManager.swift in Sources */ = {isa = PBXBuildFile; fileRef = 348DEC952A72F21C00517A72 /* MainViewManager.swift */; };
		348DEC992A72F32200517A72 /* MainBuilder.swift in Sources */ = {isa = PBXBuildFile; fileRef = 348DEC982A72F32200517A72 /* MainBuilder.swift */; };
		348DEC9B2A72F69000517A72 /* MainCollectionBuilder.swift in Sources */ = {isa = PBXBuildFile; fileRef = 348DEC9A2A72F69000517A72 /* MainCollectionBuilder.swift */; };
		8889558329140FFC00A46293 /* AppDelegate.swift in Sources */ = {isa = PBXBuildFile; fileRef = 8889558229140FFC00A46293 /* AppDelegate.swift */; };
		8889558C29140FFE00A46293 /* Assets.xcassets in Resources */ = {isa = PBXBuildFile; fileRef = 8889558B29140FFE00A46293 /* Assets.xcassets */; };
		8889558F29140FFE00A46293 /* LaunchScreen.storyboard in Resources */ = {isa = PBXBuildFile; fileRef = 8889558D29140FFE00A46293 /* LaunchScreen.storyboard */; };
		888955B52914107800A46293 /* MainViewController.swift in Sources */ = {isa = PBXBuildFile; fileRef = 888955B42914107800A46293 /* MainViewController.swift */; };
		888955B72914108700A46293 /* SceneDelegate.swift in Sources */ = {isa = PBXBuildFile; fileRef = 888955B62914108700A46293 /* SceneDelegate.swift */; };
/* End PBXBuildFile section */

/* Begin PBXFileReference section */
		3422E3032A71376300D91D88 /* Architecture */ = {isa = PBXFileReference; lastKnownFileType = wrapper; name = Architecture; path = ../../../../Downloads/Architecture; sourceTree = "<group>"; };
		3422E3052A714B4A00D91D88 /* MainCollectionView.swift */ = {isa = PBXFileReference; lastKnownFileType = sourcecode.swift; path = MainCollectionView.swift; sourceTree = "<group>"; };
		3422E3082A714C9C00D91D88 /* MainCollectionCell.swift */ = {isa = PBXFileReference; lastKnownFileType = sourcecode.swift; path = MainCollectionCell.swift; sourceTree = "<group>"; };
		3422E30A2A715E5000D91D88 /* MainViewControllerManager.swift */ = {isa = PBXFileReference; lastKnownFileType = sourcecode.swift; path = MainViewControllerManager.swift; sourceTree = "<group>"; };
		3442D81E2A7313FB00773D02 /* ComponentsService.swift */ = {isa = PBXFileReference; lastKnownFileType = sourcecode.swift; path = ComponentsService.swift; sourceTree = "<group>"; };
		3442D8202A73142600773D02 /* MainCellModel.swift */ = {isa = PBXFileReference; lastKnownFileType = sourcecode.swift; path = MainCellModel.swift; sourceTree = "<group>"; };
		348DEC952A72F21C00517A72 /* MainViewManager.swift */ = {isa = PBXFileReference; lastKnownFileType = sourcecode.swift; path = MainViewManager.swift; sourceTree = "<group>"; };
		348DEC982A72F32200517A72 /* MainBuilder.swift */ = {isa = PBXFileReference; lastKnownFileType = sourcecode.swift; path = MainBuilder.swift; sourceTree = "<group>"; };
		348DEC9A2A72F69000517A72 /* MainCollectionBuilder.swift */ = {isa = PBXFileReference; lastKnownFileType = sourcecode.swift; path = MainCollectionBuilder.swift; sourceTree = "<group>"; };
		8889557F29140FFC00A46293 /* OrnamentApp.app */ = {isa = PBXFileReference; explicitFileType = wrapper.application; includeInIndex = 0; path = OrnamentApp.app; sourceTree = BUILT_PRODUCTS_DIR; };
		8889558229140FFC00A46293 /* AppDelegate.swift */ = {isa = PBXFileReference; lastKnownFileType = sourcecode.swift; path = AppDelegate.swift; sourceTree = "<group>"; };
		8889558B29140FFE00A46293 /* Assets.xcassets */ = {isa = PBXFileReference; lastKnownFileType = folder.assetcatalog; path = Assets.xcassets; sourceTree = "<group>"; };
		8889558E29140FFE00A46293 /* Base */ = {isa = PBXFileReference; lastKnownFileType = file.storyboard; name = Base; path = Base.lproj/LaunchScreen.storyboard; sourceTree = "<group>"; };
		8889559029140FFE00A46293 /* Info.plist */ = {isa = PBXFileReference; lastKnownFileType = text.plist.xml; path = Info.plist; sourceTree = "<group>"; };
		888955B42914107800A46293 /* MainViewController.swift */ = {isa = PBXFileReference; fileEncoding = 4; lastKnownFileType = sourcecode.swift; path = MainViewController.swift; sourceTree = "<group>"; };
		888955B62914108700A46293 /* SceneDelegate.swift */ = {isa = PBXFileReference; fileEncoding = 4; lastKnownFileType = sourcecode.swift; path = SceneDelegate.swift; sourceTree = "<group>"; };
/* End PBXFileReference section */

/* Begin PBXFrameworksBuildPhase section */
		8889557C29140FFC00A46293 /* Frameworks */ = {
			isa = PBXFrameworksBuildPhase;
			buildActionMask = 2147483647;
			files = (
				348DEC942A7188F900517A72 /* DesignSystem in Frameworks */,
			);
			runOnlyForDeploymentPostprocessing = 0;
		};
/* End PBXFrameworksBuildPhase section */

/* Begin PBXGroup section */
		3422E3022A71376300D91D88 /* Packages */ = {
			isa = PBXGroup;
			children = (
				3422E3032A71376300D91D88 /* Architecture */,
			);
			name = Packages;
			sourceTree = "<group>";
		};
		3422E3072A714C8400D91D88 /* Main */ = {
			isa = PBXGroup;
			children = (
				888955B42914107800A46293 /* MainViewController.swift */,
				3422E30A2A715E5000D91D88 /* MainViewControllerManager.swift */,
				348DEC982A72F32200517A72 /* MainBuilder.swift */,
			);
			path = Main;
			sourceTree = "<group>";
		};
		3442D81D2A7313D200773D02 /* ComponentServices */ = {
			isa = PBXGroup;
			children = (
				3442D81E2A7313FB00773D02 /* ComponentsService.swift */,
			);
			path = ComponentServices;
			sourceTree = "<group>";
		};
		3442D8222A792B8800773D02 /* Components */ = {
			isa = PBXGroup;
			children = (
			);
			path = Components;
			sourceTree = "<group>";
		};
		348DEC972A72F2E000517A72 /* CollectionView */ = {
			isa = PBXGroup;
			children = (
				3422E3052A714B4A00D91D88 /* MainCollectionView.swift */,
				348DEC952A72F21C00517A72 /* MainViewManager.swift */,
				3422E3082A714C9C00D91D88 /* MainCollectionCell.swift */,
				348DEC9A2A72F69000517A72 /* MainCollectionBuilder.swift */,
				3442D8202A73142600773D02 /* MainCellModel.swift */,
			);
			path = CollectionView;
			sourceTree = "<group>";
		};
		8889557629140FFC00A46293 = {
			isa = PBXGroup;
			children = (
				3422E3022A71376300D91D88 /* Packages */,
				8889558129140FFC00A46293 /* OrnamentApp */,
				8889558029140FFC00A46293 /* Products */,
				888955B82914112F00A46293 /* Frameworks */,
			);
			sourceTree = "<group>";
		};
		8889558029140FFC00A46293 /* Products */ = {
			isa = PBXGroup;
			children = (
				8889557F29140FFC00A46293 /* OrnamentApp.app */,
			);
			name = Products;
			sourceTree = "<group>";
		};
		8889558129140FFC00A46293 /* OrnamentApp */ = {
			isa = PBXGroup;
			children = (
				3442D8222A792B8800773D02 /* Components */,
				3442D81D2A7313D200773D02 /* ComponentServices */,
				348DEC972A72F2E000517A72 /* CollectionView */,
				3422E3072A714C8400D91D88 /* Main */,
				8889558229140FFC00A46293 /* AppDelegate.swift */,
				888955B62914108700A46293 /* SceneDelegate.swift */,
				8889558B29140FFE00A46293 /* Assets.xcassets */,
				8889558D29140FFE00A46293 /* LaunchScreen.storyboard */,
				8889559029140FFE00A46293 /* Info.plist */,
			);
			path = OrnamentApp;
			sourceTree = "<group>";
		};
		888955B82914112F00A46293 /* Frameworks */ = {
			isa = PBXGroup;
			children = (
			);
			name = Frameworks;
			sourceTree = "<group>";
		};
/* End PBXGroup section */

/* Begin PBXNativeTarget section */
		8889557E29140FFC00A46293 /* OrnamentApp */ = {
			isa = PBXNativeTarget;
			buildConfigurationList = 8889559329140FFE00A46293 /* Build configuration list for PBXNativeTarget "OrnamentApp" */;
			buildPhases = (
				8889557B29140FFC00A46293 /* Sources */,
				8889557C29140FFC00A46293 /* Frameworks */,
				8889557D29140FFC00A46293 /* Resources */,
			);
			buildRules = (
			);
			dependencies = (
			);
			name = OrnamentApp;
			packageProductDependencies = (
				348DEC932A7188F900517A72 /* DesignSystem */,
			);
			productName = OrnamentApp;
			productReference = 8889557F29140FFC00A46293 /* OrnamentApp.app */;
			productType = "com.apple.product-type.application";
		};
/* End PBXNativeTarget section */

/* Begin PBXProject section */
		8889557729140FFC00A46293 /* Project object */ = {
			isa = PBXProject;
			attributes = {
				BuildIndependentTargetsInParallel = 1;
				LastSwiftUpdateCheck = 1400;
				LastUpgradeCheck = 1400;
				TargetAttributes = {
					8889557E29140FFC00A46293 = {
						CreatedOnToolsVersion = 14.0.1;
					};
				};
			};
			buildConfigurationList = 8889557A29140FFC00A46293 /* Build configuration list for PBXProject "OrnamentApp" */;
			compatibilityVersion = "Xcode 14.0";
			developmentRegion = en;
			hasScannedForEncodings = 0;
			knownRegions = (
				en,
				Base,
			);
			mainGroup = 8889557629140FFC00A46293;
			packageReferences = (
				348DEC922A7188F900517A72 /* XCRemoteSwiftPackageReference "designsystem" */,
			);
			productRefGroup = 8889558029140FFC00A46293 /* Products */;
			projectDirPath = "";
			projectRoot = "";
			targets = (
				8889557E29140FFC00A46293 /* OrnamentApp */,
			);
		};
/* End PBXProject section */

/* Begin PBXResourcesBuildPhase section */
		8889557D29140FFC00A46293 /* Resources */ = {
			isa = PBXResourcesBuildPhase;
			buildActionMask = 2147483647;
			files = (
				8889558F29140FFE00A46293 /* LaunchScreen.storyboard in Resources */,
				8889558C29140FFE00A46293 /* Assets.xcassets in Resources */,
			);
			runOnlyForDeploymentPostprocessing = 0;
		};
/* End PBXResourcesBuildPhase section */

/* Begin PBXSourcesBuildPhase section */
		8889557B29140FFC00A46293 /* Sources */ = {
			isa = PBXSourcesBuildPhase;
			buildActionMask = 2147483647;
			files = (
				348DEC992A72F32200517A72 /* MainBuilder.swift in Sources */,
				3442D81F2A7313FB00773D02 /* ComponentsService.swift in Sources */,
				888955B52914107800A46293 /* MainViewController.swift in Sources */,
				8889558329140FFC00A46293 /* AppDelegate.swift in Sources */,
				888955B72914108700A46293 /* SceneDelegate.swift in Sources */,
				3422E3092A714C9C00D91D88 /* MainCollectionCell.swift in Sources */,
				3422E3062A714B4A00D91D88 /* MainCollectionView.swift in Sources */,
				3442D8212A73142600773D02 /* MainCellModel.swift in Sources */,
				348DEC9B2A72F69000517A72 /* MainCollectionBuilder.swift in Sources */,
				348DEC962A72F21C00517A72 /* MainViewManager.swift in Sources */,
				3422E30B2A715E5000D91D88 /* MainViewControllerManager.swift in Sources */,
			);
			runOnlyForDeploymentPostprocessing = 0;
		};
/* End PBXSourcesBuildPhase section */

/* Begin PBXVariantGroup section */
		8889558D29140FFE00A46293 /* LaunchScreen.storyboard */ = {
			isa = PBXVariantGroup;
			children = (
				8889558E29140FFE00A46293 /* Base */,
			);
			name = LaunchScreen.storyboard;
			sourceTree = "<group>";
		};
/* End PBXVariantGroup section */

/* Begin XCBuildConfiguration section */
		8889559129140FFE00A46293 /* Debug */ = {
			isa = XCBuildConfiguration;
			buildSettings = {
				ALWAYS_SEARCH_USER_PATHS = NO;
				CLANG_ANALYZER_NONNULL = YES;
				CLANG_ANALYZER_NUMBER_OBJECT_CONVERSION = YES_AGGRESSIVE;
				CLANG_CXX_LANGUAGE_STANDARD = "gnu++20";
				CLANG_ENABLE_MODULES = YES;
				CLANG_ENABLE_OBJC_ARC = YES;
				CLANG_ENABLE_OBJC_WEAK = YES;
				CLANG_WARN_BLOCK_CAPTURE_AUTORELEASING = YES;
				CLANG_WARN_BOOL_CONVERSION = YES;
				CLANG_WARN_COMMA = YES;
				CLANG_WARN_CONSTANT_CONVERSION = YES;
				CLANG_WARN_DEPRECATED_OBJC_IMPLEMENTATIONS = YES;
				CLANG_WARN_DIRECT_OBJC_ISA_USAGE = YES_ERROR;
				CLANG_WARN_DOCUMENTATION_COMMENTS = YES;
				CLANG_WARN_EMPTY_BODY = YES;
				CLANG_WARN_ENUM_CONVERSION = YES;
				CLANG_WARN_INFINITE_RECURSION = YES;
				CLANG_WARN_INT_CONVERSION = YES;
				CLANG_WARN_NON_LITERAL_NULL_CONVERSION = YES;
				CLANG_WARN_OBJC_IMPLICIT_RETAIN_SELF = YES;
				CLANG_WARN_OBJC_LITERAL_CONVERSION = YES;
				CLANG_WARN_OBJC_ROOT_CLASS = YES_ERROR;
				CLANG_WARN_QUOTED_INCLUDE_IN_FRAMEWORK_HEADER = YES;
				CLANG_WARN_RANGE_LOOP_ANALYSIS = YES;
				CLANG_WARN_STRICT_PROTOTYPES = YES;
				CLANG_WARN_SUSPICIOUS_MOVE = YES;
				CLANG_WARN_UNGUARDED_AVAILABILITY = YES_AGGRESSIVE;
				CLANG_WARN_UNREACHABLE_CODE = YES;
				CLANG_WARN__DUPLICATE_METHOD_MATCH = YES;
				COPY_PHASE_STRIP = NO;
				DEBUG_INFORMATION_FORMAT = dwarf;
				ENABLE_STRICT_OBJC_MSGSEND = YES;
				ENABLE_TESTABILITY = YES;
				GCC_C_LANGUAGE_STANDARD = gnu11;
				GCC_DYNAMIC_NO_PIC = NO;
				GCC_NO_COMMON_BLOCKS = YES;
				GCC_OPTIMIZATION_LEVEL = 0;
				GCC_PREPROCESSOR_DEFINITIONS = (
					"DEBUG=1",
					"$(inherited)",
				);
				GCC_WARN_64_TO_32_BIT_CONVERSION = YES;
				GCC_WARN_ABOUT_RETURN_TYPE = YES_ERROR;
				GCC_WARN_UNDECLARED_SELECTOR = YES;
				GCC_WARN_UNINITIALIZED_AUTOS = YES_AGGRESSIVE;
				GCC_WARN_UNUSED_FUNCTION = YES;
				GCC_WARN_UNUSED_VARIABLE = YES;
				IPHONEOS_DEPLOYMENT_TARGET = 13.0;
				MTL_ENABLE_DEBUG_INFO = INCLUDE_SOURCE;
				MTL_FAST_MATH = YES;
				ONLY_ACTIVE_ARCH = YES;
				SDKROOT = iphoneos;
				SWIFT_ACTIVE_COMPILATION_CONDITIONS = DEBUG;
				SWIFT_OPTIMIZATION_LEVEL = "-Onone";
			};
			name = Debug;
		};
		8889559229140FFE00A46293 /* Release */ = {
			isa = XCBuildConfiguration;
			buildSettings = {
				ALWAYS_SEARCH_USER_PATHS = NO;
				CLANG_ANALYZER_NONNULL = YES;
				CLANG_ANALYZER_NUMBER_OBJECT_CONVERSION = YES_AGGRESSIVE;
				CLANG_CXX_LANGUAGE_STANDARD = "gnu++20";
				CLANG_ENABLE_MODULES = YES;
				CLANG_ENABLE_OBJC_ARC = YES;
				CLANG_ENABLE_OBJC_WEAK = YES;
				CLANG_WARN_BLOCK_CAPTURE_AUTORELEASING = YES;
				CLANG_WARN_BOOL_CONVERSION = YES;
				CLANG_WARN_COMMA = YES;
				CLANG_WARN_CONSTANT_CONVERSION = YES;
				CLANG_WARN_DEPRECATED_OBJC_IMPLEMENTATIONS = YES;
				CLANG_WARN_DIRECT_OBJC_ISA_USAGE = YES_ERROR;
				CLANG_WARN_DOCUMENTATION_COMMENTS = YES;
				CLANG_WARN_EMPTY_BODY = YES;
				CLANG_WARN_ENUM_CONVERSION = YES;
				CLANG_WARN_INFINITE_RECURSION = YES;
				CLANG_WARN_INT_CONVERSION = YES;
				CLANG_WARN_NON_LITERAL_NULL_CONVERSION = YES;
				CLANG_WARN_OBJC_IMPLICIT_RETAIN_SELF = YES;
				CLANG_WARN_OBJC_LITERAL_CONVERSION = YES;
				CLANG_WARN_OBJC_ROOT_CLASS = YES_ERROR;
				CLANG_WARN_QUOTED_INCLUDE_IN_FRAMEWORK_HEADER = YES;
				CLANG_WARN_RANGE_LOOP_ANALYSIS = YES;
				CLANG_WARN_STRICT_PROTOTYPES = YES;
				CLANG_WARN_SUSPICIOUS_MOVE = YES;
				CLANG_WARN_UNGUARDED_AVAILABILITY = YES_AGGRESSIVE;
				CLANG_WARN_UNREACHABLE_CODE = YES;
				CLANG_WARN__DUPLICATE_METHOD_MATCH = YES;
				COPY_PHASE_STRIP = NO;
				DEBUG_INFORMATION_FORMAT = "dwarf-with-dsym";
				ENABLE_NS_ASSERTIONS = NO;
				ENABLE_STRICT_OBJC_MSGSEND = YES;
				GCC_C_LANGUAGE_STANDARD = gnu11;
				GCC_NO_COMMON_BLOCKS = YES;
				GCC_WARN_64_TO_32_BIT_CONVERSION = YES;
				GCC_WARN_ABOUT_RETURN_TYPE = YES_ERROR;
				GCC_WARN_UNDECLARED_SELECTOR = YES;
				GCC_WARN_UNINITIALIZED_AUTOS = YES_AGGRESSIVE;
				GCC_WARN_UNUSED_FUNCTION = YES;
				GCC_WARN_UNUSED_VARIABLE = YES;
				IPHONEOS_DEPLOYMENT_TARGET = 13.0;
				MTL_ENABLE_DEBUG_INFO = NO;
				MTL_FAST_MATH = YES;
				SDKROOT = iphoneos;
				SWIFT_COMPILATION_MODE = wholemodule;
				SWIFT_OPTIMIZATION_LEVEL = "-O";
				VALIDATE_PRODUCT = YES;
			};
			name = Release;
		};
		8889559429140FFE00A46293 /* Debug */ = {
			isa = XCBuildConfiguration;
			buildSettings = {
				ASSETCATALOG_COMPILER_APPICON_NAME = AppIcon;
				ASSETCATALOG_COMPILER_GLOBAL_ACCENT_COLOR_NAME = AccentColor;
				CODE_SIGN_STYLE = Automatic;
				CURRENT_PROJECT_VERSION = 1;
				GENERATE_INFOPLIST_FILE = YES;
				INFOPLIST_FILE = OrnamentApp/Info.plist;
				INFOPLIST_KEY_UIApplicationSupportsIndirectInputEvents = YES;
				INFOPLIST_KEY_UILaunchStoryboardName = LaunchScreen;
				INFOPLIST_KEY_UISupportedInterfaceOrientations = UIInterfaceOrientationPortrait;
				INFOPLIST_KEY_UISupportedInterfaceOrientations_iPad = "UIInterfaceOrientationLandscapeLeft UIInterfaceOrientationLandscapeRight UIInterfaceOrientationPortrait UIInterfaceOrientationPortraitUpsideDown";
				IPHONEOS_DEPLOYMENT_TARGET = 13.0;
				LD_RUNPATH_SEARCH_PATHS = (
					"$(inherited)",
					"@executable_path/Frameworks",
				);
				MARKETING_VERSION = 1.0;
				PRODUCT_BUNDLE_IDENTIFIER = ru.abb.OrnamentApp;
				PRODUCT_NAME = "$(TARGET_NAME)";
				SUPPORTED_PLATFORMS = "iphoneos iphonesimulator";
				SUPPORTS_MACCATALYST = NO;
				SUPPORTS_MAC_DESIGNED_FOR_IPHONE_IPAD = NO;
				SWIFT_EMIT_LOC_STRINGS = YES;
				SWIFT_VERSION = 5.0;
				TARGETED_DEVICE_FAMILY = 1;
			};
			name = Debug;
		};
		8889559529140FFE00A46293 /* Release */ = {
			isa = XCBuildConfiguration;
			buildSettings = {
				ASSETCATALOG_COMPILER_APPICON_NAME = AppIcon;
				ASSETCATALOG_COMPILER_GLOBAL_ACCENT_COLOR_NAME = AccentColor;
				CODE_SIGN_STYLE = Automatic;
				CURRENT_PROJECT_VERSION = 1;
				GENERATE_INFOPLIST_FILE = YES;
				INFOPLIST_FILE = OrnamentApp/Info.plist;
				INFOPLIST_KEY_UIApplicationSupportsIndirectInputEvents = YES;
				INFOPLIST_KEY_UILaunchStoryboardName = LaunchScreen;
				INFOPLIST_KEY_UISupportedInterfaceOrientations = UIInterfaceOrientationPortrait;
				INFOPLIST_KEY_UISupportedInterfaceOrientations_iPad = "UIInterfaceOrientationLandscapeLeft UIInterfaceOrientationLandscapeRight UIInterfaceOrientationPortrait UIInterfaceOrientationPortraitUpsideDown";
				IPHONEOS_DEPLOYMENT_TARGET = 13.0;
				LD_RUNPATH_SEARCH_PATHS = (
					"$(inherited)",
					"@executable_path/Frameworks",
				);
				MARKETING_VERSION = 1.0;
				PRODUCT_BUNDLE_IDENTIFIER = ru.abb.OrnamentApp;
				PRODUCT_NAME = "$(TARGET_NAME)";
				SUPPORTED_PLATFORMS = "iphoneos iphonesimulator";
				SUPPORTS_MACCATALYST = NO;
				SUPPORTS_MAC_DESIGNED_FOR_IPHONE_IPAD = NO;
				SWIFT_EMIT_LOC_STRINGS = YES;
				SWIFT_VERSION = 5.0;
				TARGETED_DEVICE_FAMILY = 1;
			};
			name = Release;
		};
/* End XCBuildConfiguration section */

/* Begin XCConfigurationList section */
		8889557A29140FFC00A46293 /* Build configuration list for PBXProject "OrnamentApp" */ = {
			isa = XCConfigurationList;
			buildConfigurations = (
				8889559129140FFE00A46293 /* Debug */,
				8889559229140FFE00A46293 /* Release */,
			);
			defaultConfigurationIsVisible = 0;
			defaultConfigurationName = Release;
		};
		8889559329140FFE00A46293 /* Build configuration list for PBXNativeTarget "OrnamentApp" */ = {
			isa = XCConfigurationList;
			buildConfigurations = (
				8889559429140FFE00A46293 /* Debug */,
				8889559529140FFE00A46293 /* Release */,
			);
			defaultConfigurationIsVisible = 0;
			defaultConfigurationName = Release;
		};
/* End XCConfigurationList section */

/* Begin XCRemoteSwiftPackageReference section */
		348DEC922A7188F900517A72 /* XCRemoteSwiftPackageReference "designsystem" */ = {
			isa = XCRemoteSwiftPackageReference;
			repositoryURL = "https://gitlab.com/firdavs3/designsystem";
			requirement = {
				branch = main;
				kind = branch;
			};
		};
/* End XCRemoteSwiftPackageReference section */

/* Begin XCSwiftPackageProductDependency section */
		348DEC932A7188F900517A72 /* DesignSystem */ = {
			isa = XCSwiftPackageProductDependency;
			package = 348DEC922A7188F900517A72 /* XCRemoteSwiftPackageReference "designsystem" */;
			productName = DesignSystem;
		};
/* End XCSwiftPackageProductDependency section */
	};
	rootObject = 8889557729140FFC00A46293 /* Project object */;
}
